// !$*UTF8*$!
{
	archiveVersion = 1;
	classes = {
	};
	objectVersion = 46;
	objects = {

/* Begin PBXBuildFile section */
		7AD7C1881AF9619C0014DCBF /* AppDelegate.swift in Sources */ = {isa = PBXBuildFile; fileRef = 7AD7C1871AF9619C0014DCBF /* AppDelegate.swift */; };
		7AD7C18A1AF9619C0014DCBF /* ViewController.swift in Sources */ = {isa = PBXBuildFile; fileRef = 7AD7C1891AF9619C0014DCBF /* ViewController.swift */; };
		7AD7C18D1AF9619C0014DCBF /* Main.storyboard in Resources */ = {isa = PBXBuildFile; fileRef = 7AD7C18B1AF9619C0014DCBF /* Main.storyboard */; };
		7AD7C18F1AF9619C0014DCBF /* Images.xcassets in Resources */ = {isa = PBXBuildFile; fileRef = 7AD7C18E1AF9619C0014DCBF /* Images.xcassets */; };
		7AD7C1921AF9619C0014DCBF /* LaunchScreen.xib in Resources */ = {isa = PBXBuildFile; fileRef = 7AD7C1901AF9619C0014DCBF /* LaunchScreen.xib */; };
		7AD7C19E1AF9619C0014DCBF /* DragImageBug_TESTTests.swift in Sources */ = {isa = PBXBuildFile; fileRef = 7AD7C19D1AF9619C0014DCBF /* DragImageBug_TESTTests.swift */; };
		7AD7C1A81AF9B6CF0014DCBF /* Layout.swift in Sources */ = {isa = PBXBuildFile; fileRef = 7AD7C1A71AF9B6CF0014DCBF /* Layout.swift */; };
/* End PBXBuildFile section */

/* Begin PBXContainerItemProxy section */
		7AD7C1981AF9619C0014DCBF /* PBXContainerItemProxy */ = {
			isa = PBXContainerItemProxy;
			containerPortal = 7AD7C17A1AF9619B0014DCBF /* Project object */;
			proxyType = 1;
			remoteGlobalIDString = 7AD7C1811AF9619C0014DCBF;
			remoteInfo = "DragImageBug-TEST";
		};
/* End PBXContainerItemProxy section */

/* Begin PBXFileReference section */
		7AD7C1821AF9619C0014DCBF /* DragImageBug-TEST.app */ = {isa = PBXFileReference; explicitFileType = wrapper.application; includeInIndex = 0; path = "DragImageBug-TEST.app"; sourceTree = BUILT_PRODUCTS_DIR; };
		7AD7C1861AF9619C0014DCBF /* Info.plist */ = {isa = PBXFileReference; lastKnownFileType = text.plist.xml; path = Info.plist; sourceTree = "<group>"; };
		7AD7C1871AF9619C0014DCBF /* AppDelegate.swift */ = {isa = PBXFileReference; lastKnownFileType = sourcecode.swift; path = AppDelegate.swift; sourceTree = "<group>"; };
		7AD7C1891AF9619C0014DCBF /* ViewController.swift */ = {isa = PBXFileReference; lastKnownFileType = sourcecode.swift; path = ViewController.swift; sourceTree = "<group>"; };
		7AD7C18C1AF9619C0014DCBF /* Base */ = {isa = PBXFileReference; lastKnownFileType = file.storyboard; name = Base; path = Base.lproj/Main.storyboard; sourceTree = "<group>"; };
		7AD7C18E1AF9619C0014DCBF /* Images.xcassets */ = {isa = PBXFileReference; lastKnownFileType = folder.assetcatalog; path = Images.xcassets; sourceTree = "<group>"; };
		7AD7C1911AF9619C0014DCBF /* Base */ = {isa = PBXFileReference; lastKnownFileType = file.xib; name = Base; path = Base.lproj/LaunchScreen.xib; sourceTree = "<group>"; };
		7AD7C1971AF9619C0014DCBF /* DragImageBug-TESTTests.xctest */ = {isa = PBXFileReference; explicitFileType = wrapper.cfbundle; includeInIndex = 0; path = "DragImageBug-TESTTests.xctest"; sourceTree = BUILT_PRODUCTS_DIR; };
		7AD7C19C1AF9619C0014DCBF /* Info.plist */ = {isa = PBXFileReference; lastKnownFileType = text.plist.xml; path = Info.plist; sourceTree = "<group>"; };
		7AD7C19D1AF9619C0014DCBF /* DragImageBug_TESTTests.swift */ = {isa = PBXFileReference; lastKnownFileType = sourcecode.swift; path = DragImageBug_TESTTests.swift; sourceTree = "<group>"; };
		7AD7C1A71AF9B6CF0014DCBF /* Layout.swift */ = {isa = PBXFileReference; fileEncoding = 4; lastKnownFileType = sourcecode.swift; path = Layout.swift; sourceTree = "<group>"; };
/* End PBXFileReference section */

/* Begin PBXFrameworksBuildPhase section */
		7AD7C17F1AF9619C0014DCBF /* Frameworks */ = {
			isa = PBXFrameworksBuildPhase;
			buildActionMask = 2147483647;
			files = (
			);
			runOnlyForDeploymentPostprocessing = 0;
		};
		7AD7C1941AF9619C0014DCBF /* Frameworks */ = {
			isa = PBXFrameworksBuildPhase;
			buildActionMask = 2147483647;
			files = (
			);
			runOnlyForDeploymentPostprocessing = 0;
		};
/* End PBXFrameworksBuildPhase section */

/* Begin PBXGroup section */
		7AD7C1791AF9619B0014DCBF = {
			isa = PBXGroup;
			children = (
				7AD7C1841AF9619C0014DCBF /* DragImageBug-TEST */,
				7AD7C19A1AF9619C0014DCBF /* DragImageBug-TESTTests */,
				7AD7C1831AF9619C0014DCBF /* Products */,
			);
			sourceTree = "<group>";
		};
		7AD7C1831AF9619C0014DCBF /* Products */ = {
			isa = PBXGroup;
			children = (
				7AD7C1821AF9619C0014DCBF /* DragImageBug-TEST.app */,
				7AD7C1971AF9619C0014DCBF /* DragImageBug-TESTTests.xctest */,
			);
			name = Products;
			sourceTree = "<group>";
		};
		7AD7C1841AF9619C0014DCBF /* DragImageBug-TEST */ = {
			isa = PBXGroup;
			children = (
				7AD7C1871AF9619C0014DCBF /* AppDelegate.swift */,
				7AD7C1891AF9619C0014DCBF /* ViewController.swift */,
				7AD7C1A71AF9B6CF0014DCBF /* Layout.swift */,
				7AD7C18B1AF9619C0014DCBF /* Main.storyboard */,
				7AD7C18E1AF9619C0014DCBF /* Images.xcassets */,
				7AD7C1901AF9619C0014DCBF /* LaunchScreen.xib */,
				7AD7C1851AF9619C0014DCBF /* Supporting Files */,
			);
			path = "DragImageBug-TEST";
			sourceTree = "<group>";
		};
		7AD7C1851AF9619C0014DCBF /* Supporting Files */ = {
			isa = PBXGroup;
			children = (
				7AD7C1861AF9619C0014DCBF /* Info.plist */,
			);
			name = "Supporting Files";
			sourceTree = "<group>";
		};
		7AD7C19A1AF9619C0014DCBF /* DragImageBug-TESTTests */ = {
			isa = PBXGroup;
			children = (
				7AD7C19D1AF9619C0014DCBF /* DragImageBug_TESTTests.swift */,
				7AD7C19B1AF9619C0014DCBF /* Supporting Files */,
			);
			path = "DragImageBug-TESTTests";
			sourceTree = "<group>";
		};
		7AD7C19B1AF9619C0014DCBF /* Supporting Files */ = {
			isa = PBXGroup;
			children = (
				7AD7C19C1AF9619C0014DCBF /* Info.plist */,
			);
			name = "Supporting Files";
			sourceTree = "<group>";
		};
/* End PBXGroup section */

/* Begin PBXNativeTarget section */
		7AD7C1811AF9619C0014DCBF /* DragImageBug-TEST */ = {
			isa = PBXNativeTarget;
			buildConfigurationList = 7AD7C1A11AF9619C0014DCBF /* Build configuration list for PBXNativeTarget "DragImageBug-TEST" */;
			buildPhases = (
				7AD7C17E1AF9619C0014DCBF /* Sources */,
				7AD7C17F1AF9619C0014DCBF /* Frameworks */,
				7AD7C1801AF9619C0014DCBF /* Resources */,
			);
			buildRules = (
			);
			dependencies = (
			);
			name = "DragImageBug-TEST";
			productName = "DragImageBug-TEST";
			productReference = 7AD7C1821AF9619C0014DCBF /* DragImageBug-TEST.app */;
			productType = "com.apple.product-type.application";
		};
		7AD7C1961AF9619C0014DCBF /* DragImageBug-TESTTests */ = {
			isa = PBXNativeTarget;
			buildConfigurationList = 7AD7C1A41AF9619C0014DCBF /* Build configuration list for PBXNativeTarget "DragImageBug-TESTTests" */;
			buildPhases = (
				7AD7C1931AF9619C0014DCBF /* Sources */,
				7AD7C1941AF9619C0014DCBF /* Frameworks */,
				7AD7C1951AF9619C0014DCBF /* Resources */,
			);
			buildRules = (
			);
			dependencies = (
				7AD7C1991AF9619C0014DCBF /* PBXTargetDependency */,
			);
			name = "DragImageBug-TESTTests";
			productName = "DragImageBug-TESTTests";
			productReference = 7AD7C1971AF9619C0014DCBF /* DragImageBug-TESTTests.xctest */;
			productType = "com.apple.product-type.bundle.unit-test";
		};
/* End PBXNativeTarget section */

/* Begin PBXProject section */
		7AD7C17A1AF9619B0014DCBF /* Project object */ = {
			isa = PBXProject;
			attributes = {
				LastUpgradeCheck = 0630;
				ORGANIZATIONNAME = test;
				TargetAttributes = {
					7AD7C1811AF9619C0014DCBF = {
						CreatedOnToolsVersion = 6.3.1;
					};
					7AD7C1961AF9619C0014DCBF = {
						CreatedOnToolsVersion = 6.3.1;
						TestTargetID = 7AD7C1811AF9619C0014DCBF;
					};
				};
			};
			buildConfigurationList = 7AD7C17D1AF9619B0014DCBF /* Build configuration list for PBXProject "DragImageBug-TEST" */;
			compatibilityVersion = "Xcode 3.2";
			developmentRegion = English;
			hasScannedForEncodings = 0;
			knownRegions = (
				en,
				Base,
			);
			mainGroup = 7AD7C1791AF9619B0014DCBF;
			productRefGroup = 7AD7C1831AF9619C0014DCBF /* Products */;
			projectDirPath = "";
			projectRoot = "";
			targets = (
				7AD7C1811AF9619C0014DCBF /* DragImageBug-TEST */,
				7AD7C1961AF9619C0014DCBF /* DragImageBug-TESTTests */,
			);
		};
/* End PBXProject section */

/* Begin PBXResourcesBuildPhase section */
		7AD7C1801AF9619C0014DCBF /* Resources */ = {
			isa = PBXResourcesBuildPhase;
			buildActionMask = 2147483647;
			files = (
				7AD7C18D1AF9619C0014DCBF /* Main.storyboard in Resources */,
				7AD7C1921AF9619C0014DCBF /* LaunchScreen.xib in Resources */,
				7AD7C18F1AF9619C0014DCBF /* Images.xcassets in Resources */,
			);
			runOnlyForDeploymentPostprocessing = 0;
		};
		7AD7C1951AF9619C0014DCBF /* Resources */ = {
			isa = PBXResourcesBuildPhase;
			buildActionMask = 2147483647;
			files = (
			);
			runOnlyForDeploymentPostprocessing = 0;
		};
/* End PBXResourcesBuildPhase section */

/* Begin PBXSourcesBuildPhase section */
		7AD7C17E1AF9619C0014DCBF /* Sources */ = {
			isa = PBXSourcesBuildPhase;
			buildActionMask = 2147483647;
			files = (
				7AD7C18A1AF9619C0014DCBF /* ViewController.swift in Sources */,
				7AD7C1881AF9619C0014DCBF /* AppDelegate.swift in Sources */,
				7AD7C1A81AF9B6CF0014DCBF /* Layout.swift in Sources */,
			);
			runOnlyForDeploymentPostprocessing = 0;
		};
		7AD7C1931AF9619C0014DCBF /* Sources */ = {
			isa = PBXSourcesBuildPhase;
			buildActionMask = 2147483647;
			files = (
				7AD7C19E1AF9619C0014DCBF /* DragImageBug_TESTTests.swift in Sources */,
			);
			runOnlyForDeploymentPostprocessing = 0;
		};
/* End PBXSourcesBuildPhase section */

/* Begin PBXTargetDependency section */
		7AD7C1991AF9619C0014DCBF /* PBXTargetDependency */ = {
			isa = PBXTargetDependency;
			target = 7AD7C1811AF9619C0014DCBF /* DragImageBug-TEST */;
			targetProxy = 7AD7C1981AF9619C0014DCBF /* PBXContainerItemProxy */;
		};
/* End PBXTargetDependency section */

/* Begin PBXVariantGroup section */
		7AD7C18B1AF9619C0014DCBF /* Main.storyboard */ = {
			isa = PBXVariantGroup;
			children = (
				7AD7C18C1AF9619C0014DCBF /* Base */,
			);
			name = Main.storyboard;
			sourceTree = "<group>";
		};
		7AD7C1901AF9619C0014DCBF /* LaunchScreen.xib */ = {
			isa = PBXVariantGroup;
			children = (
				7AD7C1911AF9619C0014DCBF /* Base */,
			);
			name = LaunchScreen.xib;
			sourceTree = "<group>";
		};
/* End PBXVariantGroup section */

/* Begin XCBuildConfiguration section */
		7AD7C19F1AF9619C0014DCBF /* Debug */ = {
			isa = XCBuildConfiguration;
			buildSettings = {
				ALWAYS_SEARCH_USER_PATHS = NO;
				CLANG_CXX_LANGUAGE_STANDARD = "gnu++0x";
				CLANG_CXX_LIBRARY = "libc++";
				CLANG_ENABLE_MODULES = YES;
				CLANG_ENABLE_OBJC_ARC = YES;
				CLANG_WARN_BOOL_CONVERSION = YES;
				CLANG_WARN_CONSTANT_CONVERSION = YES;
				CLANG_WARN_DIRECT_OBJC_ISA_USAGE = YES_ERROR;
				CLANG_WARN_EMPTY_BODY = YES;
				CLANG_WARN_ENUM_CONVERSION = YES;
				CLANG_WARN_INT_CONVERSION = YES;
				CLANG_WARN_OBJC_ROOT_CLASS = YES_ERROR;
				CLANG_WARN_UNREACHABLE_CODE = YES;
				CLANG_WARN__DUPLICATE_METHOD_MATCH = YES;
				"CODE_SIGN_IDENTITY[sdk=iphoneos*]" = "iPhone Developer";
				COPY_PHASE_STRIP = NO;
				DEBUG_INFORMATION_FORMAT = "dwarf-with-dsym";
				ENABLE_STRICT_OBJC_MSGSEND = YES;
				GCC_C_LANGUAGE_STANDARD = gnu99;
				GCC_DYNAMIC_NO_PIC = NO;
				GCC_NO_COMMON_BLOCKS = YES;
				GCC_OPTIMIZATION_LEVEL = 0;
				GCC_PREPROCESSOR_DEFINITIONS = (
					"DEBUG=1",
					"$(inherited)",
				);
				GCC_SYMBOLS_PRIVATE_EXTERN = NO;
				GCC_WARN_64_TO_32_BIT_CONVERSION = YES;
				GCC_WARN_ABOUT_RETURN_TYPE = YES_ERROR;
				GCC_WARN_UNDECLARED_SELECTOR = YES;
				GCC_WARN_UNINITIALIZED_AUTOS = YES_AGGRESSIVE;
				GCC_WARN_UNUSED_FUNCTION = YES;
				GCC_WARN_UNUSED_VARIABLE = YES;
				IPHONEOS_DEPLOYMENT_TARGET = 8.3;
				MTL_ENABLE_DEBUG_INFO = YES;
				ONLY_ACTIVE_ARCH = YES;
				SDKROOT = iphoneos;
				SWIFT_OPTIMIZATION_LEVEL = "-Onone";
				TARGETED_DEVICE_FAMILY = "1,2";
			};
			name = Debug;
		};
		7AD7C1A01AF9619C0014DCBF /* Release */ = {
			isa = XCBuildConfiguration;
			buildSettings = {
				ALWAYS_SEARCH_USER_PATHS = NO;
				CLANG_CXX_LANGUAGE_STANDARD = "gnu++0x";
				CLANG_CXX_LIBRARY = "libc++";
				CLANG_ENABLE_MODULES = YES;
				CLANG_ENABLE_OBJC_ARC = YES;
				CLANG_WARN_BOOL_CONVERSION = YES;
				CLANG_WARN_CONSTANT_CONVERSION = YES;
				CLANG_WARN_DIRECT_OBJC_ISA_USAGE = YES_ERROR;
				CLANG_WARN_EMPTY_BODY = YES;
				CLANG_WARN_ENUM_CONVERSION = YES;
				CLANG_WARN_INT_CONVERSION = YES;
				CLANG_WARN_OBJC_ROOT_CLASS = YES_ERROR;
				CLANG_WARN_UNREACHABLE_CODE = YES;
				CLANG_WARN__DUPLICATE_METHOD_MATCH = YES;
				"CODE_SIGN_IDENTITY[sdk=iphoneos*]" = "iPhone Developer";
				COPY_PHASE_STRIP = NO;
				DEBUG_INFORMATION_FORMAT = "dwarf-with-dsym";
				ENABLE_NS_ASSERTIONS = NO;
				ENABLE_STRICT_OBJC_MSGSEND = YES;
				GCC_C_LANGUAGE_STANDARD = gnu99;
				GCC_NO_COMMON_BLOCKS = YES;
				GCC_WARN_64_TO_32_BIT_CONVERSION = YES;
				GCC_WARN_ABOUT_RETURN_TYPE = YES_ERROR;
				GCC_WARN_UNDECLARED_SELECTOR = YES;
				GCC_WARN_UNINITIALIZED_AUTOS = YES_AGGRESSIVE;
				GCC_WARN_UNUSED_FUNCTION = YES;
				GCC_WARN_UNUSED_VARIABLE = YES;
				IPHONEOS_DEPLOYMENT_TARGET = 8.3;
				MTL_ENABLE_DEBUG_INFO = NO;
				SDKROOT = iphoneos;
				TARGETED_DEVICE_FAMILY = "1,2";
				VALIDATE_PRODUCT = YES;
			};
			name = Release;
		};
		7AD7C1A21AF9619C0014DCBF /* Debug */ = {
			isa = XCBuildConfiguration;
			buildSettings = {
				ASSETCATALOG_COMPILER_APPICON_NAME = AppIcon;
				INFOPLIST_FILE = "DragImageBug-TEST/Info.plist";
				LD_RUNPATH_SEARCH_PATHS = "$(inherited) @executable_path/Frameworks";
				PRODUCT_NAME = "$(TARGET_NAME)";
			};
			name = Debug;
		};
		7AD7C1A31AF9619C0014DCBF /* Release */ = {
			isa = XCBuildConfiguration;
			buildSettings = {
				ASSETCATALOG_COMPILER_APPICON_NAME = AppIcon;
				INFOPLIST_FILE = "DragImageBug-TEST/Info.plist";
				LD_RUNPATH_SEARCH_PATHS = "$(inherited) @executable_path/Frameworks";
				PRODUCT_NAME = "$(TARGET_NAME)";
			};
			name = Release;
		};
		7AD7C1A51AF9619C0014DCBF /* Debug */ = {
			isa = XCBuildConfiguration;
			buildSettings = {
				BUNDLE_LOADER = "$(TEST_HOST)";
				FRAMEWORK_SEARCH_PATHS = (
					"$(SDKROOT)/Developer/Library/Frameworks",
					"$(inherited)",
				);
				GCC_PREPROCESSOR_DEFINITIONS = (
					"DEBUG=1",
					"$(inherited)",
				);
				INFOPLIST_FILE = "DragImageBug-TESTTests/Info.plist";
				LD_RUNPATH_SEARCH_PATHS = "$(inherited) @executable_path/Frameworks @loader_path/Frameworks";
				PRODUCT_NAME = "$(TARGET_NAME)";
				TEST_HOST = "$(BUILT_PRODUCTS_DIR)/DragImageBug-TEST.app/DragImageBug-TEST";
			};
			name = Debug;
		};
		7AD7C1A61AF9619C0014DCBF /* Release */ = {
			isa = XCBuildConfiguration;
			buildSettings = {
				BUNDLE_LOADER = "$(TEST_HOST)";
				FRAMEWORK_SEARCH_PATHS = (
					"$(SDKROOT)/Developer/Library/Frameworks",
					"$(inherited)",
				);
				INFOPLIST_FILE = "DragImageBug-TESTTests/Info.plist";
				LD_RUNPATH_SEARCH_PATHS = "$(inherited) @executable_path/Frameworks @loader_path/Frameworks";
				PRODUCT_NAME = "$(TARGET_NAME)";
				TEST_HOST = "$(BUILT_PRODUCTS_DIR)/DragImageBug-TEST.app/DragImageBug-TEST";
			};
			name = Release;
		};
/* End XCBuildConfiguration section */

/* Begin XCConfigurationList section */
		7AD7C17D1AF9619B0014DCBF /* Build configuration list for PBXProject "DragImageBug-TEST" */ = {
			isa = XCConfigurationList;
			buildConfigurations = (
				7AD7C19F1AF9619C0014DCBF /* Debug */,
				7AD7C1A01AF9619C0014DCBF /* Release */,
			);
			defaultConfigurationIsVisible = 0;
			defaultConfigurationName = Release;
		};
		7AD7C1A11AF9619C0014DCBF /* Build configuration list for PBXNativeTarget "DragImageBug-TEST" */ = {
			isa = XCConfigurationList;
			buildConfigurations = (
				7AD7C1A21AF9619C0014DCBF /* Debug */,
				7AD7C1A31AF9619C0014DCBF /* Release */,
			);
			defaultConfigurationIsVisible = 0;
			defaultConfigurationName = Release;
		};
		7AD7C1A41AF9619C0014DCBF /* Build configuration list for PBXNativeTarget "DragImageBug-TESTTests" */ = {
			isa = XCConfigurationList;
			buildConfigurations = (
				7AD7C1A51AF9619C0014DCBF /* Debug */,
				7AD7C1A61AF9619C0014DCBF /* Release */,
			);
			defaultConfigurationIsVisible = 0;
			defaultConfigurationName = Release;
		};
/* End XCConfigurationList section */
	};
	rootObject = 7AD7C17A1AF9619B0014DCBF /* Project object */;
}
